
Microsoft Visual Studio Solution File, Format Version 12.00
# Visual Studio Version 17
VisualStudioVersion = 17.1.32228.430
MinimumVisualStudioVersion = 10.0.40219.1
Project("{2150E333-8FDC-42A3-9474-1A3956D46DE8}") = "Services", "Services", "{0452D2AD-A260-4F1D-9650-80F12D1DDC20}"
EndProject
Project("{2150E333-8FDC-42A3-9474-1A3956D46DE8}") = "WebApps", "WebApps", "{D8CCEE78-55F1-4CE1-9FDF-6F70E4B27B96}"
EndProject
Project("{2150E333-8FDC-42A3-9474-1A3956D46DE8}") = "Cadastros", "Cadastros", "{35D80AC8-6955-4075-B309-54895C82DC86}"
EndProject
Project("{2150E333-8FDC-42A3-9474-1A3956D46DE8}") = "Catalogo", "Catalogo", "{674C321E-3ED4-4EDF-B679-2E29F77C5AB4}"
EndProject
Project("{2150E333-8FDC-42A3-9474-1A3956D46DE8}") = "Core", "Core", "{E1E7C789-F38D-4F76-A727-71D2AF92177C}"
EndProject
Project("{2150E333-8FDC-42A3-9474-1A3956D46DE8}") = "Fiscal", "Fiscal", "{0ACD6BC3-3E25-4A23-AF38-72BDC46E0771}"
EndProject
Project("{2150E333-8FDC-42A3-9474-1A3956D46DE8}") = "Pagamentos", "Pagamentos", "{D692C823-3C8D-4E10-A96C-0F9EEDBA5F50}"
EndProject
Project("{2150E333-8FDC-42A3-9474-1A3956D46DE8}") = "Vendas", "Vendas", "{DB7C1CB0-67A4-4018-90E0-8AEA4DE197AB}"
EndProject
Project("{9A19103F-16F7-4668-BE54-9A1E7A4F7556}") = "NerdStore.Catalogo.Domain", "src\NerdStore.Catalogo.Domain\NerdStore.Catalogo.Domain.csproj", "{4470CA1D-1744-44CE-8CF9-1C614180320E}"
EndProject
Project("{9A19103F-16F7-4668-BE54-9A1E7A4F7556}") = "NerdStore.Core", "src\NerdStore.Core\NerdStore.Core.csproj", "{84511E20-DB80-46A6-9FA5-23BD57D161BE}"
EndProject
Project("{2150E333-8FDC-42A3-9474-1A3956D46DE8}") = "Tests", "Tests", "{355EFD9B-97A4-4567-B840-ABE27937D9EA}"
EndProject
Project("{9A19103F-16F7-4668-BE54-9A1E7A4F7556}") = "NerdStore.Catalogo.Domain.Tests", "tests\NerdStore.Catalogo.Domain.Tests\NerdStore.Catalogo.Domain.Tests.csproj", "{74366059-825D-4500-9599-6D5F77840390}"
EndProject
Project("{9A19103F-16F7-4668-BE54-9A1E7A4F7556}") = "NerdStore.Catalogo.Data", "src\NerdStore.Catalogo.Data\NerdStore.Catalogo.Data.csproj", "{563B992A-A34A-49C3-87A2-AD7203D8EF05}"
EndProject
Project("{9A19103F-16F7-4668-BE54-9A1E7A4F7556}") = "NerdStore.Catalogo.Application", "src\NerdStore.Catalogo.Application\NerdStore.Catalogo.Application.csproj", "{72EADE82-2661-4213-8764-27251E7DF613}"
EndProject
Project("{9A19103F-16F7-4668-BE54-9A1E7A4F7556}") = "NerdStore.WebApp.MVC", "src\NerdStore.WebApp.MVC\NerdStore.WebApp.MVC.csproj", "{7C823C87-DCEC-4F92-8B7E-12D1BBBD9192}"
EndProject
Project("{FAE04EC0-301F-11D3-BF4B-00C04F79EFBC}") = "NerdStore.Vendas.Domain", "src\NerdStore.Vendas.Domain\NerdStore.Vendas.Domain.csproj", "{523CD22B-1E28-4EFC-B2E6-CA35CF355A4B}"
EndProject
Project("{FAE04EC0-301F-11D3-BF4B-00C04F79EFBC}") = "NerdStore.Vendas.Application", "src\NerdStore.Vendas.Application\NerdStore.Vendas.Application.csproj", "{38C7E699-ACEE-4FEA-997F-829866439961}"
EndProject
Project("{FAE04EC0-301F-11D3-BF4B-00C04F79EFBC}") = "NerdStore.Vendas.Data", "src\NerdStore.Vendas.Data\NerdStore.Vendas.Data.csproj", "{A8BCE44B-5107-41C2-A348-E3670C7192DA}"
EndProject
Global
	GlobalSection(SolutionConfigurationPlatforms) = preSolution
		Debug|Any CPU = Debug|Any CPU
		Release|Any CPU = Release|Any CPU
	EndGlobalSection
	GlobalSection(ProjectConfigurationPlatforms) = postSolution
		{4470CA1D-1744-44CE-8CF9-1C614180320E}.Debug|Any CPU.ActiveCfg = Debug|Any CPU
		{4470CA1D-1744-44CE-8CF9-1C614180320E}.Debug|Any CPU.Build.0 = Debug|Any CPU
		{4470CA1D-1744-44CE-8CF9-1C614180320E}.Release|Any CPU.ActiveCfg = Release|Any CPU
		{4470CA1D-1744-44CE-8CF9-1C614180320E}.Release|Any CPU.Build.0 = Release|Any CPU
		{84511E20-DB80-46A6-9FA5-23BD57D161BE}.Debug|Any CPU.ActiveCfg = Debug|Any CPU
		{84511E20-DB80-46A6-9FA5-23BD57D161BE}.Debug|Any CPU.Build.0 = Debug|Any CPU
		{84511E20-DB80-46A6-9FA5-23BD57D161BE}.Release|Any CPU.ActiveCfg = Release|Any CPU
		{84511E20-DB80-46A6-9FA5-23BD57D161BE}.Release|Any CPU.Build.0 = Release|Any CPU
		{74366059-825D-4500-9599-6D5F77840390}.Debug|Any CPU.ActiveCfg = Debug|Any CPU
		{74366059-825D-4500-9599-6D5F77840390}.Debug|Any CPU.Build.0 = Debug|Any CPU
		{74366059-825D-4500-9599-6D5F77840390}.Release|Any CPU.ActiveCfg = Release|Any CPU
		{74366059-825D-4500-9599-6D5F77840390}.Release|Any CPU.Build.0 = Release|Any CPU
		{563B992A-A34A-49C3-87A2-AD7203D8EF05}.Debug|Any CPU.ActiveCfg = Debug|Any CPU
		{563B992A-A34A-49C3-87A2-AD7203D8EF05}.Debug|Any CPU.Build.0 = Debug|Any CPU
		{563B992A-A34A-49C3-87A2-AD7203D8EF05}.Release|Any CPU.ActiveCfg = Release|Any CPU
		{563B992A-A34A-49C3-87A2-AD7203D8EF05}.Release|Any CPU.Build.0 = Release|Any CPU
		{72EADE82-2661-4213-8764-27251E7DF613}.Debug|Any CPU.ActiveCfg = Debug|Any CPU
		{72EADE82-2661-4213-8764-27251E7DF613}.Debug|Any CPU.Build.0 = Debug|Any CPU
		{72EADE82-2661-4213-8764-27251E7DF613}.Release|Any CPU.ActiveCfg = Release|Any CPU
		{72EADE82-2661-4213-8764-27251E7DF613}.Release|Any CPU.Build.0 = Release|Any CPU
		{7C823C87-DCEC-4F92-8B7E-12D1BBBD9192}.Debug|Any CPU.ActiveCfg = Debug|Any CPU
		{7C823C87-DCEC-4F92-8B7E-12D1BBBD9192}.Debug|Any CPU.Build.0 = Debug|Any CPU
		{7C823C87-DCEC-4F92-8B7E-12D1BBBD9192}.Release|Any CPU.ActiveCfg = Release|Any CPU
		{7C823C87-DCEC-4F92-8B7E-12D1BBBD9192}.Release|Any CPU.Build.0 = Release|Any CPU
		{523CD22B-1E28-4EFC-B2E6-CA35CF355A4B}.Debug|Any CPU.ActiveCfg = Debug|Any CPU
		{523CD22B-1E28-4EFC-B2E6-CA35CF355A4B}.Debug|Any CPU.Build.0 = Debug|Any CPU
		{523CD22B-1E28-4EFC-B2E6-CA35CF355A4B}.Release|Any CPU.ActiveCfg = Release|Any CPU
		{523CD22B-1E28-4EFC-B2E6-CA35CF355A4B}.Release|Any CPU.Build.0 = Release|Any CPU
		{38C7E699-ACEE-4FEA-997F-829866439961}.Debug|Any CPU.ActiveCfg = Debug|Any CPU
		{38C7E699-ACEE-4FEA-997F-829866439961}.Debug|Any CPU.Build.0 = Debug|Any CPU
		{38C7E699-ACEE-4FEA-997F-829866439961}.Release|Any CPU.ActiveCfg = Release|Any CPU
		{38C7E699-ACEE-4FEA-997F-829866439961}.Release|Any CPU.Build.0 = Release|Any CPU
		{A8BCE44B-5107-41C2-A348-E3670C7192DA}.Debug|Any CPU.ActiveCfg = Debug|Any CPU
		{A8BCE44B-5107-41C2-A348-E3670C7192DA}.Debug|Any CPU.Build.0 = Debug|Any CPU
		{A8BCE44B-5107-41C2-A348-E3670C7192DA}.Release|Any CPU.ActiveCfg = Release|Any CPU
		{A8BCE44B-5107-41C2-A348-E3670C7192DA}.Release|Any CPU.Build.0 = Release|Any CPU
	EndGlobalSection
	GlobalSection(SolutionProperties) = preSolution
		HideSolutionNode = FALSE
	EndGlobalSection
	GlobalSection(NestedProjects) = preSolution
		{35D80AC8-6955-4075-B309-54895C82DC86} = {0452D2AD-A260-4F1D-9650-80F12D1DDC20}
		{674C321E-3ED4-4EDF-B679-2E29F77C5AB4} = {0452D2AD-A260-4F1D-9650-80F12D1DDC20}
		{E1E7C789-F38D-4F76-A727-71D2AF92177C} = {0452D2AD-A260-4F1D-9650-80F12D1DDC20}
		{0ACD6BC3-3E25-4A23-AF38-72BDC46E0771} = {0452D2AD-A260-4F1D-9650-80F12D1DDC20}
		{D692C823-3C8D-4E10-A96C-0F9EEDBA5F50} = {0452D2AD-A260-4F1D-9650-80F12D1DDC20}
		{DB7C1CB0-67A4-4018-90E0-8AEA4DE197AB} = {0452D2AD-A260-4F1D-9650-80F12D1DDC20}
		{4470CA1D-1744-44CE-8CF9-1C614180320E} = {674C321E-3ED4-4EDF-B679-2E29F77C5AB4}
		{84511E20-DB80-46A6-9FA5-23BD57D161BE} = {E1E7C789-F38D-4F76-A727-71D2AF92177C}
		{355EFD9B-97A4-4567-B840-ABE27937D9EA} = {674C321E-3ED4-4EDF-B679-2E29F77C5AB4}
		{74366059-825D-4500-9599-6D5F77840390} = {355EFD9B-97A4-4567-B840-ABE27937D9EA}
		{563B992A-A34A-49C3-87A2-AD7203D8EF05} = {674C321E-3ED4-4EDF-B679-2E29F77C5AB4}
		{72EADE82-2661-4213-8764-27251E7DF613} = {674C321E-3ED4-4EDF-B679-2E29F77C5AB4}
		{7C823C87-DCEC-4F92-8B7E-12D1BBBD9192} = {D8CCEE78-55F1-4CE1-9FDF-6F70E4B27B96}
		{523CD22B-1E28-4EFC-B2E6-CA35CF355A4B} = {DB7C1CB0-67A4-4018-90E0-8AEA4DE197AB}
		{38C7E699-ACEE-4FEA-997F-829866439961} = {DB7C1CB0-67A4-4018-90E0-8AEA4DE197AB}
		{A8BCE44B-5107-41C2-A348-E3670C7192DA} = {DB7C1CB0-67A4-4018-90E0-8AEA4DE197AB}
	EndGlobalSection
	GlobalSection(ExtensibilityGlobals) = postSolution
		SolutionGuid = {D3B4CA94-6E73-4147-AF8A-0C2A3E379503}
	EndGlobalSection
EndGlobal
